
Microsoft Visual Studio Solution File, Format Version 12.00
# Visual Studio Version 17
VisualStudioVersion = 17.4.33103.184
MinimumVisualStudioVersion = 10.0.40219.1
Project("{FAE04EC0-301F-11D3-BF4B-00C04F79EFBC}") = "Case Haftanın Günleri", "Case Haftanın Günleri\Case Haftanın Günleri.csproj", "{06E09DED-2DDC-425B-9A6F-8704D5E23002}"
EndProject
Global
	GlobalSection(SolutionConfigurationPlatforms) = preSolution
		Debug|Any CPU = Debug|Any CPU
		Release|Any CPU = Release|Any CPU
	EndGlobalSection
	GlobalSection(ProjectConfigurationPlatforms) = postSolution
		{06E09DED-2DDC-425B-9A6F-8704D5E23002}.Debug|Any CPU.ActiveCfg = Debug|Any CPU
		{06E09DED-2DDC-425B-9A6F-8704D5E23002}.Debug|Any CPU.Build.0 = Debug|Any CPU
		{06E09DED-2DDC-425B-9A6F-8704D5E23002}.Release|Any CPU.ActiveCfg = Release|Any CPU
		{06E09DED-2DDC-425B-9A6F-8704D5E23002}.Release|Any CPU.Build.0 = Release|Any CPU
	EndGlobalSection
	GlobalSection(SolutionProperties) = preSolution
		HideSolutionNode = FALSE
	EndGlobalSection
	GlobalSection(ExtensibilityGlobals) = postSolution
		SolutionGuid = {5A02D9DC-73FF-4A04-BA21-62AAECAE527D}
	EndGlobalSection
EndGlobal
